
Microsoft Visual Studio Solution File, Format Version 12.00
# Visual Studio Version 17
VisualStudioVersion = 17.7.34009.444
MinimumVisualStudioVersion = 10.0.40219.1
Project("{9A19103F-16F7-4668-BE54-9A1E7A4F7556}") = "ChillFilm.WebApi", "ChillFilm\ChillFilm.WebApi.csproj", "{1572EC59-86A3-43D7-A737-8C8BDAFE09B1}"
	ProjectSection(ProjectDependencies) = postProject
		{4FC9A1FB-CB55-4406-A929-78B4EC6305EE} = {4FC9A1FB-CB55-4406-A929-78B4EC6305EE}
		{62EA749F-FBFE-4A59-8850-038FE9EAD472} = {62EA749F-FBFE-4A59-8850-038FE9EAD472}
	EndProjectSection
EndProject
Project("{9A19103F-16F7-4668-BE54-9A1E7A4F7556}") = "ChillFilm.Application", "ChillFilm.Application\ChillFilm.Application.csproj", "{62EA749F-FBFE-4A59-8850-038FE9EAD472}"
	ProjectSection(ProjectDependencies) = postProject
		{31356D71-D57E-428C-838D-E5E611ACB093} = {31356D71-D57E-428C-838D-E5E611ACB093}
	EndProjectSection
EndProject
Project("{9A19103F-16F7-4668-BE54-9A1E7A4F7556}") = "ChillFilm.Domain", "ChillFilm.Domain\ChillFilm.Domain.csproj", "{31356D71-D57E-428C-838D-E5E611ACB093}"
EndProject
Project("{9A19103F-16F7-4668-BE54-9A1E7A4F7556}") = "ChillFilm.Infrastructure", "ChillFilm.Infrastructure\ChillFilm.Infrastructure.csproj", "{4FC9A1FB-CB55-4406-A929-78B4EC6305EE}"
	ProjectSection(ProjectDependencies) = postProject
		{31356D71-D57E-428C-838D-E5E611ACB093} = {31356D71-D57E-428C-838D-E5E611ACB093}
		{62EA749F-FBFE-4A59-8850-038FE9EAD472} = {62EA749F-FBFE-4A59-8850-038FE9EAD472}
	EndProjectSection
EndProject
Global
	GlobalSection(SolutionConfigurationPlatforms) = preSolution
		Debug|Any CPU = Debug|Any CPU
		Release|Any CPU = Release|Any CPU
	EndGlobalSection
	GlobalSection(ProjectConfigurationPlatforms) = postSolution
		{1572EC59-86A3-43D7-A737-8C8BDAFE09B1}.Debug|Any CPU.ActiveCfg = Debug|Any CPU
		{1572EC59-86A3-43D7-A737-8C8BDAFE09B1}.Debug|Any CPU.Build.0 = Debug|Any CPU
		{1572EC59-86A3-43D7-A737-8C8BDAFE09B1}.Release|Any CPU.ActiveCfg = Release|Any CPU
		{1572EC59-86A3-43D7-A737-8C8BDAFE09B1}.Release|Any CPU.Build.0 = Release|Any CPU
		{62EA749F-FBFE-4A59-8850-038FE9EAD472}.Debug|Any CPU.ActiveCfg = Debug|Any CPU
		{62EA749F-FBFE-4A59-8850-038FE9EAD472}.Debug|Any CPU.Build.0 = Debug|Any CPU
		{62EA749F-FBFE-4A59-8850-038FE9EAD472}.Release|Any CPU.ActiveCfg = Release|Any CPU
		{62EA749F-FBFE-4A59-8850-038FE9EAD472}.Release|Any CPU.Build.0 = Release|Any CPU
		{31356D71-D57E-428C-838D-E5E611ACB093}.Debug|Any CPU.ActiveCfg = Debug|Any CPU
		{31356D71-D57E-428C-838D-E5E611ACB093}.Debug|Any CPU.Build.0 = Debug|Any CPU
		{31356D71-D57E-428C-838D-E5E611ACB093}.Release|Any CPU.ActiveCfg = Release|Any CPU
		{31356D71-D57E-428C-838D-E5E611ACB093}.Release|Any CPU.Build.0 = Release|Any CPU
		{4FC9A1FB-CB55-4406-A929-78B4EC6305EE}.Debug|Any CPU.ActiveCfg = Debug|Any CPU
		{4FC9A1FB-CB55-4406-A929-78B4EC6305EE}.Debug|Any CPU.Build.0 = Debug|Any CPU
		{4FC9A1FB-CB55-4406-A929-78B4EC6305EE}.Release|Any CPU.ActiveCfg = Release|Any CPU
		{4FC9A1FB-CB55-4406-A929-78B4EC6305EE}.Release|Any CPU.Build.0 = Release|Any CPU
	EndGlobalSection
	GlobalSection(SolutionProperties) = preSolution
		HideSolutionNode = FALSE
	EndGlobalSection
	GlobalSection(ExtensibilityGlobals) = postSolution
		SolutionGuid = {F10807D2-443E-4CB0-82FC-7F6FBF3EF5FD}
	EndGlobalSection
EndGlobal
